Microsoft Visual Studio Solution File, Format Version 12.00
# Visual Studio Version 17
VisualStudioVersion = 17.5.2.0
MinimumVisualStudioVersion = 10.0.40219.1
Project("{FAE04EC0-301F-11D3-BF4B-00C04F79EFBC}") = "ProtobufTest", "ProtobufTest\ProtobufTest.csproj", "{0A8C7D86-B978-69D8-19F7-9C28E3684D04}"
EndProject
Project("{FAE04EC0-301F-11D3-BF4B-00C04F79EFBC}") = "TestFunc", "TestFunc\TestFunc.csproj", "{1DEBCBA8-78A9-A38B-4001-EBF73694628C}"
EndProject
Project("{FAE04EC0-301F-11D3-BF4B-00C04F79EFBC}") = "DeviceSimulator", "DeviceSimulator\DeviceSimulator.csproj", "{3BAAE083-9FE6-0391-1995-CDBE7022B2D7}"
EndProject
Project("{FAE04EC0-301F-11D3-BF4B-00C04F79EFBC}") = "IoTDataProcessor", "IoTDataProcessor\IoTDataProcessor.csproj", "{392073DC-DACA-1CD3-09F1-0B5FEEF7E438}"
EndProject
Global
	GlobalSection(SolutionConfigurationPlatforms) = preSolution
		Debug|Any CPU = Debug|Any CPU
		Release|Any CPU = Release|Any CPU
	EndGlobalSection
	GlobalSection(ProjectConfigurationPlatforms) = postSolution
		{0A8C7D86-B978-69D8-19F7-9C28E3684D04}.Debug|Any CPU.ActiveCfg = Debug|Any CPU
		{0A8C7D86-B978-69D8-19F7-9C28E3684D04}.Debug|Any CPU.Build.0 = Debug|Any CPU
		{0A8C7D86-B978-69D8-19F7-9C28E3684D04}.Release|Any CPU.ActiveCfg = Release|Any CPU
		{0A8C7D86-B978-69D8-19F7-9C28E3684D04}.Release|Any CPU.Build.0 = Release|Any CPU
		{1DEBCBA8-78A9-A38B-4001-EBF73694628C}.Debug|Any CPU.ActiveCfg = Debug|Any CPU
		{1DEBCBA8-78A9-A38B-4001-EBF73694628C}.Debug|Any CPU.Build.0 = Debug|Any CPU
		{1DEBCBA8-78A9-A38B-4001-EBF73694628C}.Release|Any CPU.ActiveCfg = Release|Any CPU
		{1DEBCBA8-78A9-A38B-4001-EBF73694628C}.Release|Any CPU.Build.0 = Release|Any CPU
		{3BAAE083-9FE6-0391-1995-CDBE7022B2D7}.Debug|Any CPU.ActiveCfg = Debug|Any CPU
		{3BAAE083-9FE6-0391-1995-CDBE7022B2D7}.Debug|Any CPU.Build.0 = Debug|Any CPU
		{3BAAE083-9FE6-0391-1995-CDBE7022B2D7}.Release|Any CPU.ActiveCfg = Release|Any CPU
		{3BAAE083-9FE6-0391-1995-CDBE7022B2D7}.Release|Any CPU.Build.0 = Release|Any CPU
		{392073DC-DACA-1CD3-09F1-0B5FEEF7E438}.Debug|Any CPU.ActiveCfg = Debug|Any CPU
		{392073DC-DACA-1CD3-09F1-0B5FEEF7E438}.Debug|Any CPU.Build.0 = Debug|Any CPU
		{392073DC-DACA-1CD3-09F1-0B5FEEF7E438}.Release|Any CPU.ActiveCfg = Release|Any CPU
		{392073DC-DACA-1CD3-09F1-0B5FEEF7E438}.Release|Any CPU.Build.0 = Release|Any CPU
	EndGlobalSection
	GlobalSection(SolutionProperties) = preSolution
		HideSolutionNode = FALSE
	EndGlobalSection
	GlobalSection(ExtensibilityGlobals) = postSolution
		SolutionGuid = {5FEBC516-F277-4408-A2AD-F76E4BC71B0C}
	EndGlobalSection
EndGlobal
